// !$*UTF8*$!
{
	archiveVersion = 1;
	classes = {
	};
	objectVersion = 50;
	objects = {

/* Begin PBXBuildFile section */
		5814F1D824BF4730006B6CCF /* AppDelegate.swift in Sources */ = {isa = PBXBuildFile; fileRef = 5814F1D724BF4730006B6CCF /* AppDelegate.swift */; };
		5814F1DA24BF4730006B6CCF /* SceneDelegate.swift in Sources */ = {isa = PBXBuildFile; fileRef = 5814F1D924BF4730006B6CCF /* SceneDelegate.swift */; };
		5814F1DC24BF4730006B6CCF /* ItemFeedController.swift in Sources */ = {isa = PBXBuildFile; fileRef = 5814F1DB24BF4730006B6CCF /* ItemFeedController.swift */; };
		5814F1DF24BF4730006B6CCF /* Main.storyboard in Resources */ = {isa = PBXBuildFile; fileRef = 5814F1DD24BF4730006B6CCF /* Main.storyboard */; };
		5814F1E124BF4731006B6CCF /* Assets.xcassets in Resources */ = {isa = PBXBuildFile; fileRef = 5814F1E024BF4731006B6CCF /* Assets.xcassets */; };
		5814F1E424BF4731006B6CCF /* LaunchScreen.storyboard in Resources */ = {isa = PBXBuildFile; fileRef = 5814F1E224BF4731006B6CCF /* LaunchScreen.storyboard */; };
		5814F1EC24BF4779006B6CCF /* Category.swift in Sources */ = {isa = PBXBuildFile; fileRef = 5814F1EB24BF4779006B6CCF /* Category.swift */; };
		5814F1EE24BF4887006B6CCF /* Item.swift in Sources */ = {isa = PBXBuildFile; fileRef = 5814F1ED24BF4887006B6CCF /* Item.swift */; };
		5814F1F024BF4AE9006B6CCF /* DataSource.swift in Sources */ = {isa = PBXBuildFile; fileRef = 5814F1EF24BF4AE9006B6CCF /* DataSource.swift */; };
		58DD378D24C00CEB002BAED5 /* AddItemViewController.swift in Sources */ = {isa = PBXBuildFile; fileRef = 58DD378C24C00CEB002BAED5 /* AddItemViewController.swift */; };
/* End PBXBuildFile section */

/* Begin PBXFileReference section */
		5814F1D424BF472F006B6CCF /* ShoppingList.app */ = {isa = PBXFileReference; explicitFileType = wrapper.application; includeInIndex = 0; path = ShoppingList.app; sourceTree = BUILT_PRODUCTS_DIR; };
		5814F1D724BF4730006B6CCF /* AppDelegate.swift */ = {isa = PBXFileReference; lastKnownFileType = sourcecode.swift; path = AppDelegate.swift; sourceTree = "<group>"; };
		5814F1D924BF4730006B6CCF /* SceneDelegate.swift */ = {isa = PBXFileReference; lastKnownFileType = sourcecode.swift; path = SceneDelegate.swift; sourceTree = "<group>"; };
		5814F1DB24BF4730006B6CCF /* ItemFeedController.swift */ = {isa = PBXFileReference; lastKnownFileType = sourcecode.swift; path = ItemFeedController.swift; sourceTree = "<group>"; };
		5814F1DE24BF4730006B6CCF /* Base */ = {isa = PBXFileReference; lastKnownFileType = file.storyboard; name = Base; path = Base.lproj/Main.storyboard; sourceTree = "<group>"; };
		5814F1E024BF4731006B6CCF /* Assets.xcassets */ = {isa = PBXFileReference; lastKnownFileType = folder.assetcatalog; path = Assets.xcassets; sourceTree = "<group>"; };
		5814F1E324BF4731006B6CCF /* Base */ = {isa = PBXFileReference; lastKnownFileType = file.storyboard; name = Base; path = Base.lproj/LaunchScreen.storyboard; sourceTree = "<group>"; };
		5814F1E524BF4731006B6CCF /* Info.plist */ = {isa = PBXFileReference; lastKnownFileType = text.plist.xml; path = Info.plist; sourceTree = "<group>"; };
		5814F1EB24BF4779006B6CCF /* Category.swift */ = {isa = PBXFileReference; lastKnownFileType = sourcecode.swift; path = Category.swift; sourceTree = "<group>"; };
		5814F1ED24BF4887006B6CCF /* Item.swift */ = {isa = PBXFileReference; lastKnownFileType = sourcecode.swift; path = Item.swift; sourceTree = "<group>"; };
		5814F1EF24BF4AE9006B6CCF /* DataSource.swift */ = {isa = PBXFileReference; lastKnownFileType = sourcecode.swift; path = DataSource.swift; sourceTree = "<group>"; };
		58DD378C24C00CEB002BAED5 /* AddItemViewController.swift */ = {isa = PBXFileReference; lastKnownFileType = sourcecode.swift; path = AddItemViewController.swift; sourceTree = "<group>"; };
/* End PBXFileReference section */

/* Begin PBXFrameworksBuildPhase section */
		5814F1D124BF472F006B6CCF /* Frameworks */ = {
			isa = PBXFrameworksBuildPhase;
			buildActionMask = 2147483647;
			files = (
			);
			runOnlyForDeploymentPostprocessing = 0;
		};
/* End PBXFrameworksBuildPhase section */

/* Begin PBXGroup section */
		5814F1CB24BF472F006B6CCF = {
			isa = PBXGroup;
			children = (
				5814F1D624BF472F006B6CCF /* ShoppingList */,
				5814F1D524BF472F006B6CCF /* Products */,
			);
			sourceTree = "<group>";
		};
		5814F1D524BF472F006B6CCF /* Products */ = {
			isa = PBXGroup;
			children = (
				5814F1D424BF472F006B6CCF /* ShoppingList.app */,
			);
			name = Products;
			sourceTree = "<group>";
		};
		5814F1D624BF472F006B6CCF /* ShoppingList */ = {
			isa = PBXGroup;
			children = (
				5814F1D724BF4730006B6CCF /* AppDelegate.swift */,
				5814F1D924BF4730006B6CCF /* SceneDelegate.swift */,
				58DD378C24C00CEB002BAED5 /* AddItemViewController.swift */,
				5814F1DB24BF4730006B6CCF /* ItemFeedController.swift */,
				5814F1EB24BF4779006B6CCF /* Category.swift */,
				5814F1EF24BF4AE9006B6CCF /* DataSource.swift */,
				5814F1ED24BF4887006B6CCF /* Item.swift */,
				5814F1DD24BF4730006B6CCF /* Main.storyboard */,
				5814F1E024BF4731006B6CCF /* Assets.xcassets */,
				5814F1E224BF4731006B6CCF /* LaunchScreen.storyboard */,
				5814F1E524BF4731006B6CCF /* Info.plist */,
			);
			path = ShoppingList;
			sourceTree = "<group>";
		};
/* End PBXGroup section */

/* Begin PBXNativeTarget section */
		5814F1D324BF472F006B6CCF /* ShoppingList */ = {
			isa = PBXNativeTarget;
			buildConfigurationList = 5814F1E824BF4731006B6CCF /* Build configuration list for PBXNativeTarget "ShoppingList" */;
			buildPhases = (
				5814F1D024BF472F006B6CCF /* Sources */,
				5814F1D124BF472F006B6CCF /* Frameworks */,
				5814F1D224BF472F006B6CCF /* Resources */,
			);
			buildRules = (
			);
			dependencies = (
			);
			name = ShoppingList;
			productName = ShoppingList;
			productReference = 5814F1D424BF472F006B6CCF /* ShoppingList.app */;
			productType = "com.apple.product-type.application";
		};
/* End PBXNativeTarget section */

/* Begin PBXProject section */
		5814F1CC24BF472F006B6CCF /* Project object */ = {
			isa = PBXProject;
			attributes = {
				LastSwiftUpdateCheck = 1150;
				LastUpgradeCheck = 1150;
				ORGANIZATIONNAME = "Eric Davenport";
				TargetAttributes = {
					5814F1D324BF472F006B6CCF = {
						CreatedOnToolsVersion = 11.5;
					};
				};
			};
			buildConfigurationList = 5814F1CF24BF472F006B6CCF /* Build configuration list for PBXProject "ShoppingList" */;
			compatibilityVersion = "Xcode 9.3";
			developmentRegion = en;
			hasScannedForEncodings = 0;
			knownRegions = (
				en,
				Base,
			);
			mainGroup = 5814F1CB24BF472F006B6CCF;
			productRefGroup = 5814F1D524BF472F006B6CCF /* Products */;
			projectDirPath = "";
			projectRoot = "";
			targets = (
				5814F1D324BF472F006B6CCF /* ShoppingList */,
			);
		};
/* End PBXProject section */

/* Begin PBXResourcesBuildPhase section */
		5814F1D224BF472F006B6CCF /* Resources */ = {
			isa = PBXResourcesBuildPhase;
			buildActionMask = 2147483647;
			files = (
				5814F1E424BF4731006B6CCF /* LaunchScreen.storyboard in Resources */,
				5814F1E124BF4731006B6CCF /* Assets.xcassets in Resources */,
				5814F1DF24BF4730006B6CCF /* Main.storyboard in Resources */,
			);
			runOnlyForDeploymentPostprocessing = 0;
		};
/* End PBXResourcesBuildPhase section */

/* Begin PBXSourcesBuildPhase section */
		5814F1D024BF472F006B6CCF /* Sources */ = {
			isa = PBXSourcesBuildPhase;
			buildActionMask = 2147483647;
			files = (
				5814F1F024BF4AE9006B6CCF /* DataSource.swift in Sources */,
				5814F1EE24BF4887006B6CCF /* Item.swift in Sources */,
				5814F1DC24BF4730006B6CCF /* ItemFeedController.swift in Sources */,
				5814F1D824BF4730006B6CCF /* AppDelegate.swift in Sources */,
				58DD378D24C00CEB002BAED5 /* AddItemViewController.swift in Sources */,
				5814F1DA24BF4730006B6CCF /* SceneDelegate.swift in Sources */,
				5814F1EC24BF4779006B6CCF /* Category.swift in Sources */,
			);
			runOnlyForDeploymentPostprocessing = 0;
		};
/* End PBXSourcesBuildPhase section */

/* Begin PBXVariantGroup section */
		5814F1DD24BF4730006B6CCF /* Main.storyboard */ = {
			isa = PBXVariantGroup;
			children = (
				5814F1DE24BF4730006B6CCF /* Base */,
			);
			name = Main.storyboard;
			sourceTree = "<group>";
		};
		5814F1E224BF4731006B6CCF /* LaunchScreen.storyboard */ = {
			isa = PBXVariantGroup;
			children = (
				5814F1E324BF4731006B6CCF /* Base */,
			);
			name = LaunchScreen.storyboard;
			sourceTree = "<group>";
		};
/* End PBXVariantGroup section */

/* Begin XCBuildConfiguration section */
		5814F1E624BF4731006B6CCF /* Debug */ = {
			isa = XCBuildConfiguration;
			buildSettings = {
				ALWAYS_SEARCH_USER_PATHS = NO;
				CLANG_ANALYZER_NONNULL = YES;
				CLANG_ANALYZER_NUMBER_OBJECT_CONVERSION = YES_AGGRESSIVE;
				CLANG_CXX_LANGUAGE_STANDARD = "gnu++14";
				CLANG_CXX_LIBRARY = "libc++";
				CLANG_ENABLE_MODULES = YES;
				CLANG_ENABLE_OBJC_ARC = YES;
				CLANG_ENABLE_OBJC_WEAK = YES;
				CLANG_WARN_BLOCK_CAPTURE_AUTORELEASING = YES;
				CLANG_WARN_BOOL_CONVERSION = YES;
				CLANG_WARN_COMMA = YES;
				CLANG_WARN_CONSTANT_CONVERSION = YES;
				CLANG_WARN_DEPRECATED_OBJC_IMPLEMENTATIONS = YES;
				CLANG_WARN_DIRECT_OBJC_ISA_USAGE = YES_ERROR;
				CLANG_WARN_DOCUMENTATION_COMMENTS = YES;
				CLANG_WARN_EMPTY_BODY = YES;
				CLANG_WARN_ENUM_CONVERSION = YES;
				CLANG_WARN_INFINITE_RECURSION = YES;
				CLANG_WARN_INT_CONVERSION = YES;
				CLANG_WARN_NON_LITERAL_NULL_CONVERSION = YES;
				CLANG_WARN_OBJC_IMPLICIT_RETAIN_SELF = YES;
				CLANG_WARN_OBJC_LITERAL_CONVERSION = YES;
				CLANG_WARN_OBJC_ROOT_CLASS = YES_ERROR;
				CLANG_WARN_RANGE_LOOP_ANALYSIS = YES;
				CLANG_WARN_STRICT_PROTOTYPES = YES;
				CLANG_WARN_SUSPICIOUS_MOVE = YES;
				CLANG_WARN_UNGUARDED_AVAILABILITY = YES_AGGRESSIVE;
				CLANG_WARN_UNREACHABLE_CODE = YES;
				CLANG_WARN__DUPLICATE_METHOD_MATCH = YES;
				COPY_PHASE_STRIP = NO;
				DEBUG_INFORMATION_FORMAT = dwarf;
				ENABLE_STRICT_OBJC_MSGSEND = YES;
				ENABLE_TESTABILITY = YES;
				GCC_C_LANGUAGE_STANDARD = gnu11;
				GCC_DYNAMIC_NO_PIC = NO;
				GCC_NO_COMMON_BLOCKS = YES;
				GCC_OPTIMIZATION_LEVEL = 0;
				GCC_PREPROCESSOR_DEFINITIONS = (
					"DEBUG=1",
					"$(inherited)",
				);
				GCC_WARN_64_TO_32_BIT_CONVERSION = YES;
				GCC_WARN_ABOUT_RETURN_TYPE = YES_ERROR;
				GCC_WARN_UNDECLARED_SELECTOR = YES;
				GCC_WARN_UNINITIALIZED_AUTOS = YES_AGGRESSIVE;
				GCC_WARN_UNUSED_FUNCTION = YES;
				GCC_WARN_UNUSED_VARIABLE = YES;
				IPHONEOS_DEPLOYMENT_TARGET = 13.5;
				MTL_ENABLE_DEBUG_INFO = INCLUDE_SOURCE;
				MTL_FAST_MATH = YES;
				ONLY_ACTIVE_ARCH = YES;
				SDKROOT = iphoneos;
				SWIFT_ACTIVE_COMPILATION_CONDITIONS = DEBUG;
				SWIFT_OPTIMIZATION_LEVEL = "-Onone";
			};
			name = Debug;
		};
		5814F1E724BF4731006B6CCF /* Release */ = {
			isa = XCBuildConfiguration;
			buildSettings = {
				ALWAYS_SEARCH_USER_PATHS = NO;
				CLANG_ANALYZER_NONNULL = YES;
				CLANG_ANALYZER_NUMBER_OBJECT_CONVERSION = YES_AGGRESSIVE;
				CLANG_CXX_LANGUAGE_STANDARD = "gnu++14";
				CLANG_CXX_LIBRARY = "libc++";
				CLANG_ENABLE_MODULES = YES;
				CLANG_ENABLE_OBJC_ARC = YES;
				CLANG_ENABLE_OBJC_WEAK = YES;
				CLANG_WARN_BLOCK_CAPTURE_AUTORELEASING = YES;
				CLANG_WARN_BOOL_CONVERSION = YES;
				CLANG_WARN_COMMA = YES;
				CLANG_WARN_CONSTANT_CONVERSION = YES;
				CLANG_WARN_DEPRECATED_OBJC_IMPLEMENTATIONS = YES;
				CLANG_WARN_DIRECT_OBJC_ISA_USAGE = YES_ERROR;
				CLANG_WARN_DOCUMENTATION_COMMENTS = YES;
				CLANG_WARN_EMPTY_BODY = YES;
				CLANG_WARN_ENUM_CONVERSION = YES;
				CLANG_WARN_INFINITE_RECURSION = YES;
				CLANG_WARN_INT_CONVERSION = YES;
				CLANG_WARN_NON_LITERAL_NULL_CONVERSION = YES;
				CLANG_WARN_OBJC_IMPLICIT_RETAIN_SELF = YES;
				CLANG_WARN_OBJC_LITERAL_CONVERSION = YES;
				CLANG_WARN_OBJC_ROOT_CLASS = YES_ERROR;
				CLANG_WARN_RANGE_LOOP_ANALYSIS = YES;
				CLANG_WARN_STRICT_PROTOTYPES = YES;
				CLANG_WARN_SUSPICIOUS_MOVE = YES;
				CLANG_WARN_UNGUARDED_AVAILABILITY = YES_AGGRESSIVE;
				CLANG_WARN_UNREACHABLE_CODE = YES;
				CLANG_WARN__DUPLICATE_METHOD_MATCH = YES;
				COPY_PHASE_STRIP = NO;
				DEBUG_INFORMATION_FORMAT = "dwarf-with-dsym";
				ENABLE_NS_ASSERTIONS = NO;
				ENABLE_STRICT_OBJC_MSGSEND = YES;
				GCC_C_LANGUAGE_STANDARD = gnu11;
				GCC_NO_COMMON_BLOCKS = YES;
				GCC_WARN_64_TO_32_BIT_CONVERSION = YES;
				GCC_WARN_ABOUT_RETURN_TYPE = YES_ERROR;
				GCC_WARN_UNDECLARED_SELECTOR = YES;
				GCC_WARN_UNINITIALIZED_AUTOS = YES_AGGRESSIVE;
				GCC_WARN_UNUSED_FUNCTION = YES;
				GCC_WARN_UNUSED_VARIABLE = YES;
				IPHONEOS_DEPLOYMENT_TARGET = 13.5;
				MTL_ENABLE_DEBUG_INFO = NO;
				MTL_FAST_MATH = YES;
				SDKROOT = iphoneos;
				SWIFT_COMPILATION_MODE = wholemodule;
				SWIFT_OPTIMIZATION_LEVEL = "-O";
				VALIDATE_PRODUCT = YES;
			};
			name = Release;
		};
		5814F1E924BF4731006B6CCF /* Debug */ = {
			isa = XCBuildConfiguration;
			buildSettings = {
				ASSETCATALOG_COMPILER_APPICON_NAME = AppIcon;
				CODE_SIGN_STYLE = Automatic;
				DEVELOPMENT_TEAM = 3YV6C3YLPG;
				INFOPLIST_FILE = ShoppingList/Info.plist;
				LD_RUNPATH_SEARCH_PATHS = (
					"$(inherited)",
					"@executable_path/Frameworks",
				);
				PRODUCT_BUNDLE_IDENTIFIER = org.ericdavenport.ShoppingList;
				PRODUCT_NAME = "$(TARGET_NAME)";
				SWIFT_VERSION = 5.0;
				TARGETED_DEVICE_FAMILY = "1,2";
			};
			name = Debug;
		};
		5814F1EA24BF4731006B6CCF /* Release */ = {
			isa = XCBuildConfiguration;
			buildSettings = {
				ASSETCATALOG_COMPILER_APPICON_NAME = AppIcon;
				CODE_SIGN_STYLE = Automatic;
				DEVELOPMENT_TEAM = 3YV6C3YLPG;
				INFOPLIST_FILE = ShoppingList/Info.plist;
				LD_RUNPATH_SEARCH_PATHS = (
					"$(inherited)",
					"@executable_path/Frameworks",
				);
				PRODUCT_BUNDLE_IDENTIFIER = org.ericdavenport.ShoppingList;
				PRODUCT_NAME = "$(TARGET_NAME)";
				SWIFT_VERSION = 5.0;
				TARGETED_DEVICE_FAMILY = "1,2";
			};
			name = Release;
		};
/* End XCBuildConfiguration section */

/* Begin XCConfigurationList section */
		5814F1CF24BF472F006B6CCF /* Build configuration list for PBXProject "ShoppingList" */ = {
			isa = XCConfigurationList;
			buildConfigurations = (
				5814F1E624BF4731006B6CCF /* Debug */,
				5814F1E724BF4731006B6CCF /* Release */,
			);
			defaultConfigurationIsVisible = 0;
			defaultConfigurationName = Release;
		};
		5814F1E824BF4731006B6CCF /* Build configuration list for PBXNativeTarget "ShoppingList" */ = {
			isa = XCConfigurationList;
			buildConfigurations = (
				5814F1E924BF4731006B6CCF /* Debug */,
				5814F1EA24BF4731006B6CCF /* Release */,
			);
			defaultConfigurationIsVisible = 0;
			defaultConfigurationName = Release;
		};
/* End XCConfigurationList section */
	};
	rootObject = 5814F1CC24BF472F006B6CCF /* Project object */;
}
